{
  "name": "dev_web",
  "lockfileVersion": 3,
  "requires": true,
  "packages": {
    "": {
      "devDependencies": {
        "@types/plotly.js": "^2.35.2"
      }
    },
    "node_modules/@types/plotly.js": {
      "version": "2.35.2",
      "resolved": "https://registry.npmjs.org/@types/plotly.js/-/plotly.js-2.35.2.tgz",
      "integrity": "sha512-tn0Kp7F6VWiu96jknCvR/PcdIGIATeIK+Z5WXH3bEvG6CRwUNfhy34yBhfPYmTea7mMQxXvTZKGMm6/Y4wxESg==",
      "dev": true,
      "license": "MIT"
    }
  }
}
